
Microsoft Visual Studio Solution File, Format Version 12.00
# Visual Studio Version 17
VisualStudioVersion = 17.4.33213.308
MinimumVisualStudioVersion = 10.0.40219.1
Project("{9A19103F-16F7-4668-BE54-9A1E7A4F7556}") = "Arora.Blazor.StateContainer", "Arora.Blazor.StateContainer.csproj", "{C5AD3983-4564-469F-A7D0-9076E7264659}"
EndProject
Global
	GlobalSection(SolutionConfigurationPlatforms) = preSolution
		Debug|Any CPU = Debug|Any CPU
		Release|Any CPU = Release|Any CPU
	EndGlobalSection
	GlobalSection(ProjectConfigurationPlatforms) = postSolution
		{C5AD3983-4564-469F-A7D0-9076E7264659}.Debug|Any CPU.ActiveCfg = Debug|Any CPU
		{C5AD3983-4564-469F-A7D0-9076E7264659}.Debug|Any CPU.Build.0 = Debug|Any CPU
		{C5AD3983-4564-469F-A7D0-9076E7264659}.Release|Any CPU.ActiveCfg = Release|Any CPU
		{C5AD3983-4564-469F-A7D0-9076E7264659}.Release|Any CPU.Build.0 = Release|Any CPU
	EndGlobalSection
	GlobalSection(SolutionProperties) = preSolution
		HideSolutionNode = FALSE
	EndGlobalSection
	GlobalSection(ExtensibilityGlobals) = postSolution
		SolutionGuid = {6CE3254D-7415-4F31-94F3-D68C4DB114AD}
	EndGlobalSection
EndGlobal
